// !$*UTF8*$!
{
	archiveVersion = 1;
	classes = {
	};
	objectVersion = 50;
	objects = {

/* Begin PBXBuildFile section */
		40A1798E23A4B434001F2A81 /* AppDelegate.m in Sources */ = {isa = PBXBuildFile; fileRef = 40A1798D23A4B434001F2A81 /* AppDelegate.m */; };
		40A1799123A4B434001F2A81 /* SceneDelegate.m in Sources */ = {isa = PBXBuildFile; fileRef = 40A1799023A4B434001F2A81 /* SceneDelegate.m */; };
		40A1799423A4B434001F2A81 /* ViewController.m in Sources */ = {isa = PBXBuildFile; fileRef = 40A1799323A4B434001F2A81 /* ViewController.m */; };
		40A1799723A4B434001F2A81 /* Main.storyboard in Resources */ = {isa = PBXBuildFile; fileRef = 40A1799523A4B434001F2A81 /* Main.storyboard */; };
		40A1799923A4B435001F2A81 /* Assets.xcassets in Resources */ = {isa = PBXBuildFile; fileRef = 40A1799823A4B435001F2A81 /* Assets.xcassets */; };
		40A1799C23A4B435001F2A81 /* LaunchScreen.storyboard in Resources */ = {isa = PBXBuildFile; fileRef = 40A1799A23A4B435001F2A81 /* LaunchScreen.storyboard */; };
		40A1799F23A4B435001F2A81 /* main.m in Sources */ = {isa = PBXBuildFile; fileRef = 40A1799E23A4B435001F2A81 /* main.m */; };
		40A179A723A4B43E001F2A81 /* HCDragView.m in Sources */ = {isa = PBXBuildFile; fileRef = 40A179A523A4B43D001F2A81 /* HCDragView.m */; };
/* End PBXBuildFile section */

/* Begin PBXFileReference section */
		40A1798923A4B434001F2A81 /* NibDemo.app */ = {isa = PBXFileReference; explicitFileType = wrapper.application; includeInIndex = 0; path = NibDemo.app; sourceTree = BUILT_PRODUCTS_DIR; };
		40A1798C23A4B434001F2A81 /* AppDelegate.h */ = {isa = PBXFileReference; lastKnownFileType = sourcecode.c.h; path = AppDelegate.h; sourceTree = "<group>"; };
		40A1798D23A4B434001F2A81 /* AppDelegate.m */ = {isa = PBXFileReference; lastKnownFileType = sourcecode.c.objc; path = AppDelegate.m; sourceTree = "<group>"; };
		40A1798F23A4B434001F2A81 /* SceneDelegate.h */ = {isa = PBXFileReference; lastKnownFileType = sourcecode.c.h; path = SceneDelegate.h; sourceTree = "<group>"; };
		40A1799023A4B434001F2A81 /* SceneDelegate.m */ = {isa = PBXFileReference; lastKnownFileType = sourcecode.c.objc; path = SceneDelegate.m; sourceTree = "<group>"; };
		40A1799223A4B434001F2A81 /* ViewController.h */ = {isa = PBXFileReference; lastKnownFileType = sourcecode.c.h; path = ViewController.h; sourceTree = "<group>"; };
		40A1799323A4B434001F2A81 /* ViewController.m */ = {isa = PBXFileReference; lastKnownFileType = sourcecode.c.objc; path = ViewController.m; sourceTree = "<group>"; };
		40A1799623A4B434001F2A81 /* Base */ = {isa = PBXFileReference; lastKnownFileType = file.storyboard; name = Base; path = Base.lproj/Main.storyboard; sourceTree = "<group>"; };
		40A1799823A4B435001F2A81 /* Assets.xcassets */ = {isa = PBXFileReference; lastKnownFileType = folder.assetcatalog; path = Assets.xcassets; sourceTree = "<group>"; };
		40A1799B23A4B435001F2A81 /* Base */ = {isa = PBXFileReference; lastKnownFileType = file.storyboard; name = Base; path = Base.lproj/LaunchScreen.storyboard; sourceTree = "<group>"; };
		40A1799D23A4B435001F2A81 /* Info.plist */ = {isa = PBXFileReference; lastKnownFileType = text.plist.xml; path = Info.plist; sourceTree = "<group>"; };
		40A1799E23A4B435001F2A81 /* main.m */ = {isa = PBXFileReference; lastKnownFileType = sourcecode.c.objc; path = main.m; sourceTree = "<group>"; };
		40A179A523A4B43D001F2A81 /* HCDragView.m */ = {isa = PBXFileReference; fileEncoding = 4; lastKnownFileType = sourcecode.c.objc; name = HCDragView.m; path = ../../HCDragView.m; sourceTree = "<group>"; };
		40A179A623A4B43D001F2A81 /* HCDragView.h */ = {isa = PBXFileReference; fileEncoding = 4; lastKnownFileType = sourcecode.c.h; name = HCDragView.h; path = ../../HCDragView.h; sourceTree = "<group>"; };
/* End PBXFileReference section */

/* Begin PBXFrameworksBuildPhase section */
		40A1798623A4B434001F2A81 /* Frameworks */ = {
			isa = PBXFrameworksBuildPhase;
			buildActionMask = 2147483647;
			files = (
			);
			runOnlyForDeploymentPostprocessing = 0;
		};
/* End PBXFrameworksBuildPhase section */

/* Begin PBXGroup section */
		40A1798023A4B434001F2A81 = {
			isa = PBXGroup;
			children = (
				40A1798B23A4B434001F2A81 /* NibDemo */,
				40A1798A23A4B434001F2A81 /* Products */,
			);
			sourceTree = "<group>";
		};
		40A1798A23A4B434001F2A81 /* Products */ = {
			isa = PBXGroup;
			children = (
				40A1798923A4B434001F2A81 /* NibDemo.app */,
			);
			name = Products;
			sourceTree = "<group>";
		};
		40A1798B23A4B434001F2A81 /* NibDemo */ = {
			isa = PBXGroup;
			children = (
				40A179A623A4B43D001F2A81 /* HCDragView.h */,
				40A179A523A4B43D001F2A81 /* HCDragView.m */,
				40A1798C23A4B434001F2A81 /* AppDelegate.h */,
				40A1798D23A4B434001F2A81 /* AppDelegate.m */,
				40A1798F23A4B434001F2A81 /* SceneDelegate.h */,
				40A1799023A4B434001F2A81 /* SceneDelegate.m */,
				40A1799223A4B434001F2A81 /* ViewController.h */,
				40A1799323A4B434001F2A81 /* ViewController.m */,
				40A1799523A4B434001F2A81 /* Main.storyboard */,
				40A1799823A4B435001F2A81 /* Assets.xcassets */,
				40A1799A23A4B435001F2A81 /* LaunchScreen.storyboard */,
				40A1799D23A4B435001F2A81 /* Info.plist */,
				40A1799E23A4B435001F2A81 /* main.m */,
			);
			path = NibDemo;
			sourceTree = "<group>";
		};
/* End PBXGroup section */

/* Begin PBXNativeTarget section */
		40A1798823A4B434001F2A81 /* NibDemo */ = {
			isa = PBXNativeTarget;
			buildConfigurationList = 40A179A223A4B435001F2A81 /* Build configuration list for PBXNativeTarget "NibDemo" */;
			buildPhases = (
				40A1798523A4B434001F2A81 /* Sources */,
				40A1798623A4B434001F2A81 /* Frameworks */,
				40A1798723A4B434001F2A81 /* Resources */,
			);
			buildRules = (
			);
			dependencies = (
			);
			name = NibDemo;
			productName = NibDemo;
			productReference = 40A1798923A4B434001F2A81 /* NibDemo.app */;
			productType = "com.apple.product-type.application";
		};
/* End PBXNativeTarget section */

/* Begin PBXProject section */
		40A1798123A4B434001F2A81 /* Project object */ = {
			isa = PBXProject;
			attributes = {
				LastUpgradeCheck = 1120;
				ORGANIZATIONNAME = ancc;
				TargetAttributes = {
					40A1798823A4B434001F2A81 = {
						CreatedOnToolsVersion = 11.2.1;
					};
				};
			};
			buildConfigurationList = 40A1798423A4B434001F2A81 /* Build configuration list for PBXProject "NibDemo" */;
			compatibilityVersion = "Xcode 9.3";
			developmentRegion = en;
			hasScannedForEncodings = 0;
			knownRegions = (
				en,
				Base,
			);
			mainGroup = 40A1798023A4B434001F2A81;
			productRefGroup = 40A1798A23A4B434001F2A81 /* Products */;
			projectDirPath = "";
			projectRoot = "";
			targets = (
				40A1798823A4B434001F2A81 /* NibDemo */,
			);
		};
/* End PBXProject section */

/* Begin PBXResourcesBuildPhase section */
		40A1798723A4B434001F2A81 /* Resources */ = {
			isa = PBXResourcesBuildPhase;
			buildActionMask = 2147483647;
			files = (
				40A1799C23A4B435001F2A81 /* LaunchScreen.storyboard in Resources */,
				40A1799923A4B435001F2A81 /* Assets.xcassets in Resources */,
				40A1799723A4B434001F2A81 /* Main.storyboard in Resources */,
			);
			runOnlyForDeploymentPostprocessing = 0;
		};
/* End PBXResourcesBuildPhase section */

/* Begin PBXSourcesBuildPhase section */
		40A1798523A4B434001F2A81 /* Sources */ = {
			isa = PBXSourcesBuildPhase;
			buildActionMask = 2147483647;
			files = (
				40A1799423A4B434001F2A81 /* ViewController.m in Sources */,
				40A1798E23A4B434001F2A81 /* AppDelegate.m in Sources */,
				40A1799F23A4B435001F2A81 /* main.m in Sources */,
				40A1799123A4B434001F2A81 /* SceneDelegate.m in Sources */,
				40A179A723A4B43E001F2A81 /* HCDragView.m in Sources */,
			);
			runOnlyForDeploymentPostprocessing = 0;
		};
/* End PBXSourcesBuildPhase section */

/* Begin PBXVariantGroup section */
		40A1799523A4B434001F2A81 /* Main.storyboard */ = {
			isa = PBXVariantGroup;
			children = (
				40A1799623A4B434001F2A81 /* Base */,
			);
			name = Main.storyboard;
			sourceTree = "<group>";
		};
		40A1799A23A4B435001F2A81 /* LaunchScreen.storyboard */ = {
			isa = PBXVariantGroup;
			children = (
				40A1799B23A4B435001F2A81 /* Base */,
			);
			name = LaunchScreen.storyboard;
			sourceTree = "<group>";
		};
/* End PBXVariantGroup section */

/* Begin XCBuildConfiguration section */
		40A179A023A4B435001F2A81 /* Debug */ = {
			isa = XCBuildConfiguration;
			buildSettings = {
				ALWAYS_SEARCH_USER_PATHS = NO;
				CLANG_ANALYZER_NONNULL = YES;
				CLANG_ANALYZER_NUMBER_OBJECT_CONVERSION = YES_AGGRESSIVE;
				CLANG_CXX_LANGUAGE_STANDARD = "gnu++14";
				CLANG_CXX_LIBRARY = "libc++";
				CLANG_ENABLE_MODULES = YES;
				CLANG_ENABLE_OBJC_ARC = YES;
				CLANG_ENABLE_OBJC_WEAK = YES;
				CLANG_WARN_BLOCK_CAPTURE_AUTORELEASING = YES;
				CLANG_WARN_BOOL_CONVERSION = YES;
				CLANG_WARN_COMMA = YES;
				CLANG_WARN_CONSTANT_CONVERSION = YES;
				CLANG_WARN_DEPRECATED_OBJC_IMPLEMENTATIONS = YES;
				CLANG_WARN_DIRECT_OBJC_ISA_USAGE = YES_ERROR;
				CLANG_WARN_DOCUMENTATION_COMMENTS = YES;
				CLANG_WARN_EMPTY_BODY = YES;
				CLANG_WARN_ENUM_CONVERSION = YES;
				CLANG_WARN_INFINITE_RECURSION = YES;
				CLANG_WARN_INT_CONVERSION = YES;
				CLANG_WARN_NON_LITERAL_NULL_CONVERSION = YES;
				CLANG_WARN_OBJC_IMPLICIT_RETAIN_SELF = YES;
				CLANG_WARN_OBJC_LITERAL_CONVERSION = YES;
				CLANG_WARN_OBJC_ROOT_CLASS = YES_ERROR;
				CLANG_WARN_RANGE_LOOP_ANALYSIS = YES;
				CLANG_WARN_STRICT_PROTOTYPES = YES;
				CLANG_WARN_SUSPICIOUS_MOVE = YES;
				CLANG_WARN_UNGUARDED_AVAILABILITY = YES_AGGRESSIVE;
				CLANG_WARN_UNREACHABLE_CODE = YES;
				CLANG_WARN__DUPLICATE_METHOD_MATCH = YES;
				COPY_PHASE_STRIP = NO;
				DEBUG_INFORMATION_FORMAT = dwarf;
				ENABLE_STRICT_OBJC_MSGSEND = YES;
				ENABLE_TESTABILITY = YES;
				GCC_C_LANGUAGE_STANDARD = gnu11;
				GCC_DYNAMIC_NO_PIC = NO;
				GCC_NO_COMMON_BLOCKS = YES;
				GCC_OPTIMIZATION_LEVEL = 0;
				GCC_PREPROCESSOR_DEFINITIONS = (
					"DEBUG=1",
					"$(inherited)",
				);
				GCC_WARN_64_TO_32_BIT_CONVERSION = YES;
				GCC_WARN_ABOUT_RETURN_TYPE = YES_ERROR;
				GCC_WARN_UNDECLARED_SELECTOR = YES;
				GCC_WARN_UNINITIALIZED_AUTOS = YES_AGGRESSIVE;
				GCC_WARN_UNUSED_FUNCTION = YES;
				GCC_WARN_UNUSED_VARIABLE = YES;
				IPHONEOS_DEPLOYMENT_TARGET = 13.2;
				MTL_ENABLE_DEBUG_INFO = INCLUDE_SOURCE;
				MTL_FAST_MATH = YES;
				ONLY_ACTIVE_ARCH = YES;
				SDKROOT = iphoneos;
			};
			name = Debug;
		};
		40A179A123A4B435001F2A81 /* Release */ = {
			isa = XCBuildConfiguration;
			buildSettings = {
				ALWAYS_SEARCH_USER_PATHS = NO;
				CLANG_ANALYZER_NONNULL = YES;
				CLANG_ANALYZER_NUMBER_OBJECT_CONVERSION = YES_AGGRESSIVE;
				CLANG_CXX_LANGUAGE_STANDARD = "gnu++14";
				CLANG_CXX_LIBRARY = "libc++";
				CLANG_ENABLE_MODULES = YES;
				CLANG_ENABLE_OBJC_ARC = YES;
				CLANG_ENABLE_OBJC_WEAK = YES;
				CLANG_WARN_BLOCK_CAPTURE_AUTORELEASING = YES;
				CLANG_WARN_BOOL_CONVERSION = YES;
				CLANG_WARN_COMMA = YES;
				CLANG_WARN_CONSTANT_CONVERSION = YES;
				CLANG_WARN_DEPRECATED_OBJC_IMPLEMENTATIONS = YES;
				CLANG_WARN_DIRECT_OBJC_ISA_USAGE = YES_ERROR;
				CLANG_WARN_DOCUMENTATION_COMMENTS = YES;
				CLANG_WARN_EMPTY_BODY = YES;
				CLANG_WARN_ENUM_CONVERSION = YES;
				CLANG_WARN_INFINITE_RECURSION = YES;
				CLANG_WARN_INT_CONVERSION = YES;
				CLANG_WARN_NON_LITERAL_NULL_CONVERSION = YES;
				CLANG_WARN_OBJC_IMPLICIT_RETAIN_SELF = YES;
				CLANG_WARN_OBJC_LITERAL_CONVERSION = YES;
				CLANG_WARN_OBJC_ROOT_CLASS = YES_ERROR;
				CLANG_WARN_RANGE_LOOP_ANALYSIS = YES;
				CLANG_WARN_STRICT_PROTOTYPES = YES;
				CLANG_WARN_SUSPICIOUS_MOVE = YES;
				CLANG_WARN_UNGUARDED_AVAILABILITY = YES_AGGRESSIVE;
				CLANG_WARN_UNREACHABLE_CODE = YES;
				CLANG_WARN__DUPLICATE_METHOD_MATCH = YES;
				COPY_PHASE_STRIP = NO;
				DEBUG_INFORMATION_FORMAT = "dwarf-with-dsym";
				ENABLE_NS_ASSERTIONS = NO;
				ENABLE_STRICT_OBJC_MSGSEND = YES;
				GCC_C_LANGUAGE_STANDARD = gnu11;
				GCC_NO_COMMON_BLOCKS = YES;
				GCC_WARN_64_TO_32_BIT_CONVERSION = YES;
				GCC_WARN_ABOUT_RETURN_TYPE = YES_ERROR;
				GCC_WARN_UNDECLARED_SELECTOR = YES;
				GCC_WARN_UNINITIALIZED_AUTOS = YES_AGGRESSIVE;
				GCC_WARN_UNUSED_FUNCTION = YES;
				GCC_WARN_UNUSED_VARIABLE = YES;
				IPHONEOS_DEPLOYMENT_TARGET = 13.2;
				MTL_ENABLE_DEBUG_INFO = NO;
				MTL_FAST_MATH = YES;
				SDKROOT = iphoneos;
				VALIDATE_PRODUCT = YES;
			};
			name = Release;
		};
		40A179A323A4B435001F2A81 /* Debug */ = {
			isa = XCBuildConfiguration;
			buildSettings = {
				ASSETCATALOG_COMPILER_APPICON_NAME = AppIcon;
				CODE_SIGN_STYLE = Automatic;
				DEVELOPMENT_TEAM = Q36CWUF67A;
				INFOPLIST_FILE = NibDemo/Info.plist;
				LD_RUNPATH_SEARCH_PATHS = (
					"$(inherited)",
					"@executable_path/Frameworks",
				);
				PRODUCT_BUNDLE_IDENTIFIER = com.bopie.mydd.NibDemo;
				PRODUCT_NAME = "$(TARGET_NAME)";
				TARGETED_DEVICE_FAMILY = "1,2";
			};
			name = Debug;
		};
		40A179A423A4B435001F2A81 /* Release */ = {
			isa = XCBuildConfiguration;
			buildSettings = {
				ASSETCATALOG_COMPILER_APPICON_NAME = AppIcon;
				CODE_SIGN_STYLE = Automatic;
				DEVELOPMENT_TEAM = Q36CWUF67A;
				INFOPLIST_FILE = NibDemo/Info.plist;
				LD_RUNPATH_SEARCH_PATHS = (
					"$(inherited)",
					"@executable_path/Frameworks",
				);
				PRODUCT_BUNDLE_IDENTIFIER = com.bopie.mydd.NibDemo;
				PRODUCT_NAME = "$(TARGET_NAME)";
				TARGETED_DEVICE_FAMILY = "1,2";
			};
			name = Release;
		};
/* End XCBuildConfiguration section */

/* Begin XCConfigurationList section */
		40A1798423A4B434001F2A81 /* Build configuration list for PBXProject "NibDemo" */ = {
			isa = XCConfigurationList;
			buildConfigurations = (
				40A179A023A4B435001F2A81 /* Debug */,
				40A179A123A4B435001F2A81 /* Release */,
			);
			defaultConfigurationIsVisible = 0;
			defaultConfigurationName = Release;
		};
		40A179A223A4B435001F2A81 /* Build configuration list for PBXNativeTarget "NibDemo" */ = {
			isa = XCConfigurationList;
			buildConfigurations = (
				40A179A323A4B435001F2A81 /* Debug */,
				40A179A423A4B435001F2A81 /* Release */,
			);
			defaultConfigurationIsVisible = 0;
			defaultConfigurationName = Release;
		};
/* End XCConfigurationList section */
	};
	rootObject = 40A1798123A4B434001F2A81 /* Project object */;
}
